
Microsoft Visual Studio Solution File, Format Version 12.00
# Visual Studio Version 17
VisualStudioVersion = 17.14.36121.58 d17.14
MinimumVisualStudioVersion = 10.0.40219.1
Project("{FAE04EC0-301F-11D3-BF4B-00C04F79EFBC}") = "FileMonitoringService", "FileMonitoringService.csproj", "{BF81B543-715B-4257-9963-F9344799EA66}"
EndProject
Global
	GlobalSection(SolutionConfigurationPlatforms) = preSolution
		Debug|Any CPU = Debug|Any CPU
		Release|Any CPU = Release|Any CPU
	EndGlobalSection
	GlobalSection(ProjectConfigurationPlatforms) = postSolution
		{BF81B543-715B-4257-9963-F9344799EA66}.Debug|Any CPU.ActiveCfg = Debug|Any CPU
		{BF81B543-715B-4257-9963-F9344799EA66}.Debug|Any CPU.Build.0 = Debug|Any CPU
		{BF81B543-715B-4257-9963-F9344799EA66}.Release|Any CPU.ActiveCfg = Release|Any CPU
		{BF81B543-715B-4257-9963-F9344799EA66}.Release|Any CPU.Build.0 = Release|Any CPU
	EndGlobalSection
	GlobalSection(SolutionProperties) = preSolution
		HideSolutionNode = FALSE
	EndGlobalSection
	GlobalSection(ExtensibilityGlobals) = postSolution
		SolutionGuid = {E7F13B98-DA8D-4DA2-9691-201421BDF6F8}
	EndGlobalSection
EndGlobal
